
Microsoft Visual Studio Solution File, Format Version 12.00
# Visual Studio Version 16
VisualStudioVersion = 16.0.31702.278
MinimumVisualStudioVersion = 10.0.40219.1
Project("{FAE04EC0-301F-11D3-BF4B-00C04F79EFBC}") = "Persa_PaulaDenisa_Lab10.Android", "Persa_PaulaDenisa_Lab10.Android\Persa_PaulaDenisa_Lab10.Android.csproj", "{26E8051A-1E6E-4293-83E7-87061E23B5BB}"
EndProject
Project("{FAE04EC0-301F-11D3-BF4B-00C04F79EFBC}") = "Persa_PaulaDenisa_Lab10.iOS", "Persa_PaulaDenisa_Lab10.iOS\Persa_PaulaDenisa_Lab10.iOS.csproj", "{854E5E9A-FF24-41B1-A9B7-0849215C212C}"
EndProject
Project("{FAE04EC0-301F-11D3-BF4B-00C04F79EFBC}") = "Persa_PaulaDenisa_Lab10", "Persa_PaulaDenisa_Lab10\Persa_PaulaDenisa_Lab10.csproj", "{3D28FD11-4AD6-4261-A0F0-0CBEBBFEED3C}"
EndProject
Global
	GlobalSection(SolutionConfigurationPlatforms) = preSolution
		Debug|Any CPU = Debug|Any CPU
		Debug|iPhone = Debug|iPhone
		Debug|iPhoneSimulator = Debug|iPhoneSimulator
		Release|Any CPU = Release|Any CPU
		Release|iPhone = Release|iPhone
		Release|iPhoneSimulator = Release|iPhoneSimulator
	EndGlobalSection
	GlobalSection(ProjectConfigurationPlatforms) = postSolution
		{26E8051A-1E6E-4293-83E7-87061E23B5BB}.Debug|Any CPU.ActiveCfg = Debug|Any CPU
		{26E8051A-1E6E-4293-83E7-87061E23B5BB}.Debug|Any CPU.Build.0 = Debug|Any CPU
		{26E8051A-1E6E-4293-83E7-87061E23B5BB}.Debug|Any CPU.Deploy.0 = Debug|Any CPU
		{26E8051A-1E6E-4293-83E7-87061E23B5BB}.Debug|iPhone.ActiveCfg = Debug|Any CPU
		{26E8051A-1E6E-4293-83E7-87061E23B5BB}.Debug|iPhone.Build.0 = Debug|Any CPU
		{26E8051A-1E6E-4293-83E7-87061E23B5BB}.Debug|iPhone.Deploy.0 = Debug|Any CPU
		{26E8051A-1E6E-4293-83E7-87061E23B5BB}.Debug|iPhoneSimulator.ActiveCfg = Debug|Any CPU
		{26E8051A-1E6E-4293-83E7-87061E23B5BB}.Debug|iPhoneSimulator.Build.0 = Debug|Any CPU
		{26E8051A-1E6E-4293-83E7-87061E23B5BB}.Debug|iPhoneSimulator.Deploy.0 = Debug|Any CPU
		{26E8051A-1E6E-4293-83E7-87061E23B5BB}.Release|Any CPU.ActiveCfg = Release|Any CPU
		{26E8051A-1E6E-4293-83E7-87061E23B5BB}.Release|Any CPU.Build.0 = Release|Any CPU
		{26E8051A-1E6E-4293-83E7-87061E23B5BB}.Release|Any CPU.Deploy.0 = Release|Any CPU
		{26E8051A-1E6E-4293-83E7-87061E23B5BB}.Release|iPhone.ActiveCfg = Release|Any CPU
		{26E8051A-1E6E-4293-83E7-87061E23B5BB}.Release|iPhone.Build.0 = Release|Any CPU
		{26E8051A-1E6E-4293-83E7-87061E23B5BB}.Release|iPhone.Deploy.0 = Release|Any CPU
		{26E8051A-1E6E-4293-83E7-87061E23B5BB}.Release|iPhoneSimulator.ActiveCfg = Release|Any CPU
		{26E8051A-1E6E-4293-83E7-87061E23B5BB}.Release|iPhoneSimulator.Build.0 = Release|Any CPU
		{26E8051A-1E6E-4293-83E7-87061E23B5BB}.Release|iPhoneSimulator.Deploy.0 = Release|Any CPU
		{854E5E9A-FF24-41B1-A9B7-0849215C212C}.Debug|Any CPU.ActiveCfg = Debug|iPhone
		{854E5E9A-FF24-41B1-A9B7-0849215C212C}.Debug|Any CPU.Build.0 = Debug|iPhone
		{854E5E9A-FF24-41B1-A9B7-0849215C212C}.Debug|Any CPU.Deploy.0 = Debug|iPhone
		{854E5E9A-FF24-41B1-A9B7-0849215C212C}.Debug|iPhone.ActiveCfg = Debug|iPhone
		{854E5E9A-FF24-41B1-A9B7-0849215C212C}.Debug|iPhone.Build.0 = Debug|iPhone
		{854E5E9A-FF24-41B1-A9B7-0849215C212C}.Debug|iPhone.Deploy.0 = Debug|iPhone
		{854E5E9A-FF24-41B1-A9B7-0849215C212C}.Debug|iPhoneSimulator.ActiveCfg = Debug|iPhoneSimulator
		{854E5E9A-FF24-41B1-A9B7-0849215C212C}.Debug|iPhoneSimulator.Build.0 = Debug|iPhoneSimulator
		{854E5E9A-FF24-41B1-A9B7-0849215C212C}.Debug|iPhoneSimulator.Deploy.0 = Debug|iPhoneSimulator
		{854E5E9A-FF24-41B1-A9B7-0849215C212C}.Release|Any CPU.ActiveCfg = Release|iPhoneSimulator
		{854E5E9A-FF24-41B1-A9B7-0849215C212C}.Release|Any CPU.Build.0 = Release|iPhoneSimulator
		{854E5E9A-FF24-41B1-A9B7-0849215C212C}.Release|Any CPU.Deploy.0 = Release|iPhoneSimulator
		{854E5E9A-FF24-41B1-A9B7-0849215C212C}.Release|iPhone.ActiveCfg = Release|iPhone
		{854E5E9A-FF24-41B1-A9B7-0849215C212C}.Release|iPhone.Build.0 = Release|iPhone
		{854E5E9A-FF24-41B1-A9B7-0849215C212C}.Release|iPhone.Deploy.0 = Release|iPhone
		{854E5E9A-FF24-41B1-A9B7-0849215C212C}.Release|iPhoneSimulator.ActiveCfg = Release|iPhoneSimulator
		{854E5E9A-FF24-41B1-A9B7-0849215C212C}.Release|iPhoneSimulator.Build.0 = Release|iPhoneSimulator
		{854E5E9A-FF24-41B1-A9B7-0849215C212C}.Release|iPhoneSimulator.Deploy.0 = Release|iPhoneSimulator
		{3D28FD11-4AD6-4261-A0F0-0CBEBBFEED3C}.Debug|Any CPU.ActiveCfg = Debug|Any CPU
		{3D28FD11-4AD6-4261-A0F0-0CBEBBFEED3C}.Debug|Any CPU.Build.0 = Debug|Any CPU
		{3D28FD11-4AD6-4261-A0F0-0CBEBBFEED3C}.Debug|Any CPU.Deploy.0 = Debug|Any CPU
		{3D28FD11-4AD6-4261-A0F0-0CBEBBFEED3C}.Debug|iPhone.ActiveCfg = Debug|Any CPU
		{3D28FD11-4AD6-4261-A0F0-0CBEBBFEED3C}.Debug|iPhone.Build.0 = Debug|Any CPU
		{3D28FD11-4AD6-4261-A0F0-0CBEBBFEED3C}.Debug|iPhone.Deploy.0 = Debug|Any CPU
		{3D28FD11-4AD6-4261-A0F0-0CBEBBFEED3C}.Debug|iPhoneSimulator.ActiveCfg = Debug|Any CPU
		{3D28FD11-4AD6-4261-A0F0-0CBEBBFEED3C}.Debug|iPhoneSimulator.Build.0 = Debug|Any CPU
		{3D28FD11-4AD6-4261-A0F0-0CBEBBFEED3C}.Debug|iPhoneSimulator.Deploy.0 = Debug|Any CPU
		{3D28FD11-4AD6-4261-A0F0-0CBEBBFEED3C}.Release|Any CPU.ActiveCfg = Release|Any CPU
		{3D28FD11-4AD6-4261-A0F0-0CBEBBFEED3C}.Release|Any CPU.Build.0 = Release|Any CPU
		{3D28FD11-4AD6-4261-A0F0-0CBEBBFEED3C}.Release|Any CPU.Deploy.0 = Release|Any CPU
		{3D28FD11-4AD6-4261-A0F0-0CBEBBFEED3C}.Release|iPhone.ActiveCfg = Release|Any CPU
		{3D28FD11-4AD6-4261-A0F0-0CBEBBFEED3C}.Release|iPhone.Build.0 = Release|Any CPU
		{3D28FD11-4AD6-4261-A0F0-0CBEBBFEED3C}.Release|iPhone.Deploy.0 = Release|Any CPU
		{3D28FD11-4AD6-4261-A0F0-0CBEBBFEED3C}.Release|iPhoneSimulator.ActiveCfg = Release|Any CPU
		{3D28FD11-4AD6-4261-A0F0-0CBEBBFEED3C}.Release|iPhoneSimulator.Build.0 = Release|Any CPU
		{3D28FD11-4AD6-4261-A0F0-0CBEBBFEED3C}.Release|iPhoneSimulator.Deploy.0 = Release|Any CPU
	EndGlobalSection
	GlobalSection(SolutionProperties) = preSolution
		HideSolutionNode = FALSE
	EndGlobalSection
	GlobalSection(ExtensibilityGlobals) = postSolution
		SolutionGuid = {D699DBDA-6E96-4D51-AA36-CBD23A13A050}
	EndGlobalSection
EndGlobal
